
Microsoft Visual Studio Solution File, Format Version 12.00
# Visual Studio Version 17
VisualStudioVersion = 17.14.36105.17
MinimumVisualStudioVersion = 10.0.40219.1
Project("{2150E333-8FDC-42A3-9474-1A3956D46DE8}") = "Extensions", "Extensions", "{A1CD68C8-CE85-4A15-BF82-6154CB6E4A77}"
EndProject
Project("{2150E333-8FDC-42A3-9474-1A3956D46DE8}") = "Actuators", "Actuators", "{1C2D2F09-6F4F-4FC5-8F8B-6741D83B74EF}"
EndProject
Project("{2150E333-8FDC-42A3-9474-1A3956D46DE8}") = "AppAgents", "AppAgents", "{7E0D614D-B425-44A5-BD39-277AC72EBA0B}"
EndProject
Project("{2150E333-8FDC-42A3-9474-1A3956D46DE8}") = "TTSEngines", "TTSEngines", "{5A796EE9-3722-42B5-81D9-24193B8D59D3}"
EndProject
Project("{2150E333-8FDC-42A3-9474-1A3956D46DE8}") = "Applications", "Applications", "{17F81CBF-F114-42F9-9103-8E92E1B7650D}"
EndProject
Project("{2150E333-8FDC-42A3-9474-1A3956D46DE8}") = "Lib", "Lib", "{F31B0046-DF34-45FD-9897-3B3BDC45EBAD}"
EndProject
Project("{FAE04EC0-301F-11D3-BF4B-00C04F79EFBC}") = "ACATAgent", "Extensions\Default\AppAgents\ACATAgent\ACATAgent.csproj", "{05ABFC83-DE35-40CE-82B2-43BF780FC9BE}"
EndProject
Project("{2150E333-8FDC-42A3-9474-1A3956D46DE8}") = "WordPredictors", "WordPredictors", "{26FDAD1D-8E56-49C0-953A-2CCE29EB2670}"
EndProject
Project("{FAE04EC0-301F-11D3-BF4B-00C04F79EFBC}") = "ACATTalk", "Applications\ACATTalk\ACATTalk.csproj", "{65F2FCCD-1CF4-4FA8-B0EA-B5CDC9088386}"
	ProjectSection(ProjectDependencies) = postProject
		{05ABFC83-DE35-40CE-82B2-43BF780FC9BE} = {05ABFC83-DE35-40CE-82B2-43BF780FC9BE}
		{0F38EE30-BF4C-4CFF-B795-C16828520DEA} = {0F38EE30-BF4C-4CFF-B795-C16828520DEA}
		{1761F46F-2543-45A2-B5D8-0591C078D9C6} = {1761F46F-2543-45A2-B5D8-0591C078D9C6}
		{380FC7B3-D784-422A-8D85-510A9E8698C6} = {380FC7B3-D784-422A-8D85-510A9E8698C6}
		{4B6B654F-50AF-4291-A464-11D73C1AFDF7} = {4B6B654F-50AF-4291-A464-11D73C1AFDF7}
		{7079E2BD-D443-4D8F-AC83-8CCFA64A1149} = {7079E2BD-D443-4D8F-AC83-8CCFA64A1149}
		{7A3A12B2-0530-4C1D-A99C-C8C0A407A505} = {7A3A12B2-0530-4C1D-A99C-C8C0A407A505}
		{85991714-E58E-4A19-B7D4-9D9AD10DB9EC} = {85991714-E58E-4A19-B7D4-9D9AD10DB9EC}
		{8BDB3D08-7EED-41D1-98FA-20571671097E} = {8BDB3D08-7EED-41D1-98FA-20571671097E}
		{8CA216C6-7476-4696-BA70-FB86A2920EBF} = {8CA216C6-7476-4696-BA70-FB86A2920EBF}
		{9B1D5877-A3C0-4AFD-8565-3FB32FFCD753} = {9B1D5877-A3C0-4AFD-8565-3FB32FFCD753}
		{A035C1F1-3A28-4122-8134-75F77AEA6BA9} = {A035C1F1-3A28-4122-8134-75F77AEA6BA9}
		{A380620B-2D3C-4BE5-B51C-19E295BFE82A} = {A380620B-2D3C-4BE5-B51C-19E295BFE82A}
		{B0FA249F-28B6-49F6-80EE-75F57E92B563} = {B0FA249F-28B6-49F6-80EE-75F57E92B563}
		{C4725734-BA21-402D-B103-7358B364A436} = {C4725734-BA21-402D-B103-7358B364A436}
		{D43E8BAB-F732-4442-AFB5-A4A9B7EF5F94} = {D43E8BAB-F732-4442-AFB5-A4A9B7EF5F94}
		{DEFAA2BE-C13E-4350-9EFA-9370755B63D3} = {DEFAA2BE-C13E-4350-9EFA-9370755B63D3}
		{E969CC07-051E-4C48-9B8C-D6616243FB28} = {E969CC07-051E-4C48-9B8C-D6616243FB28}
		{FF74AF7D-5C3B-4E1D-A3EC-100D00128F7C} = {FF74AF7D-5C3B-4E1D-A3EC-100D00128F7C}
	EndProjectSection
EndProject
Project("{FAE04EC0-301F-11D3-BF4B-00C04F79EFBC}") = "ACAT.Resources", "ACATResources\ACAT.Resources.csproj", "{A0990D4E-F25B-430C-BDA3-40A72560B877}"
EndProject
Project("{2150E333-8FDC-42A3-9474-1A3956D46DE8}") = "Assets", "Assets", "{E9CDF974-CB3A-4A9D-B046-DA6907E0E2E3}"
EndProject
Project("{2150E333-8FDC-42A3-9474-1A3956D46DE8}") = "Fonts", "Fonts", "{EB8BDFCC-4136-4348-8854-98D2505AC5B6}"
	ProjectSection(SolutionItems) = preProject
		Assets\Fonts\ACATFONT1.otf = Assets\Fonts\ACATFONT1.otf
		Assets\Fonts\Montserrat-Italic-VariableFont_wght.ttf = Assets\Fonts\Montserrat-Italic-VariableFont_wght.ttf
		Assets\Fonts\Montserrat-VariableFont_wght.ttf = Assets\Fonts\Montserrat-VariableFont_wght.ttf
	EndProjectSection
EndProject
Project("{2150E333-8FDC-42A3-9474-1A3956D46DE8}") = "Images", "Images", "{0B9A0463-9C5D-4203-82EA-2B611C710B1E}"
	ProjectSection(SolutionItems) = preProject
		Assets\Images\ABCKeyboardLayout.png = Assets\Images\ABCKeyboardLayout.png
		Assets\Images\ACATTalk.ico = Assets\Images\ACATTalk.ico
		Assets\Images\HardwareSwitch.png = Assets\Images\HardwareSwitch.png
		Assets\Images\keyboard callouts.png = Assets\Images\keyboard callouts.png
		Assets\Images\KeyboardSwitch.jpg = Assets\Images\KeyboardSwitch.jpg
		Assets\Images\QWERTYKeyboardLayout.png = Assets\Images\QWERTYKeyboardLayout.png
		Assets\Images\SwitchTestActivated.png = Assets\Images\SwitchTestActivated.png
		Assets\Images\SwitchTestDefault.png = Assets\Images\SwitchTestDefault.png
		Assets\Images\WebcamSampleImage.png = Assets\Images\WebcamSampleImage.png
		Assets\Images\WebcamSwitch.jpg = Assets\Images\WebcamSwitch.jpg
	EndProjectSection
EndProject
Project("{2150E333-8FDC-42A3-9474-1A3956D46DE8}") = "Themes", "Themes", "{6EAFE6D4-6678-4098-AEA4-2EDDF7BCDB6C}"
EndProject
Project("{2150E333-8FDC-42A3-9474-1A3956D46DE8}") = "Sounds", "Sounds", "{BC304342-5932-47FD-8DB0-D19AF89769FC}"
	ProjectSection(SolutionItems) = preProject
		Assets\Sounds\alarm.wav = Assets\Sounds\alarm.wav
		Assets\Sounds\beep.wav = Assets\Sounds\beep.wav
		Assets\Sounds\beepHigh.wav = Assets\Sounds\beepHigh.wav
		Assets\Sounds\Chimes.wav = Assets\Sounds\Chimes.wav
		Assets\Sounds\Chimes2.wav = Assets\Sounds\Chimes2.wav
		Assets\Sounds\click.wav = Assets\Sounds\click.wav
	EndProjectSection
EndProject
Project("{2150E333-8FDC-42A3-9474-1A3956D46DE8}") = "Default", "Default", "{DC8984C5-B6FB-46C8-943B-F2FBB61265FD}"
	ProjectSection(SolutionItems) = preProject
		Assets\Themes\Default\Theme.xml = Assets\Themes\Default\Theme.xml
	EndProjectSection
EndProject
Project("{FAE04EC0-301F-11D3-BF4B-00C04F79EFBC}") = "TalkApplicationScannerAgent", "Extensions\Default\AppAgents\TalkApplicationScannerAgent\TalkApplicationScannerAgent.csproj", "{C4725734-BA21-402D-B103-7358B364A436}"
	ProjectSection(ProjectDependencies) = postProject
		{A0990D4E-F25B-430C-BDA3-40A72560B877} = {A0990D4E-F25B-430C-BDA3-40A72560B877}
	EndProjectSection
EndProject
Project("{FAE04EC0-301F-11D3-BF4B-00C04F79EFBC}") = "AppCommon", "Applications\AppCommon\AppCommon.csproj", "{9A6FF395-2444-439A-990D-1BAB13BF56FD}"
	ProjectSection(ProjectDependencies) = postProject
		{7A3A12B2-0530-4C1D-A99C-C8C0A407A505} = {7A3A12B2-0530-4C1D-A99C-C8C0A407A505}
	EndProjectSection
EndProject
Project("{FAE04EC0-301F-11D3-BF4B-00C04F79EFBC}") = "ACATWatch", "Applications\ACATWatch\ACATWatch.csproj", "{3FCDE727-C9C7-4838-B287-5F692BEF2084}"
	ProjectSection(ProjectDependencies) = postProject
		{7A3A12B2-0530-4C1D-A99C-C8C0A407A505} = {7A3A12B2-0530-4C1D-A99C-C8C0A407A505}
	EndProjectSection
EndProject
Project("{2150E333-8FDC-42A3-9474-1A3956D46DE8}") = "Solution Items", "Solution Items", "{A3075AF7-0F43-42FB-9C85-62F6B40B4D47}"
	ProjectSection(SolutionItems) = preProject
		.editorconfig = .editorconfig
		Directory.Build.props = Directory.Build.props
	EndProjectSection
EndProject
Project("{FAE04EC0-301F-11D3-BF4B-00C04F79EFBC}") = "ConvAssistTerminate", "Applications\ConvAssistTerminate\ConvAssistTerminate.csproj", "{EDB861EC-18CB-4578-8DFC-36658124F70C}"
	ProjectSection(ProjectDependencies) = postProject
		{7A3A12B2-0530-4C1D-A99C-C8C0A407A505} = {7A3A12B2-0530-4C1D-A99C-C8C0A407A505}
	EndProjectSection
EndProject
Project("{2150E333-8FDC-42A3-9474-1A3956D46DE8}") = "Videos", "Videos", "{341D3FF4-4E2B-4C6D-ACC7-38AE74F58BDF}"
	ProjectSection(SolutionItems) = preProject
		Assets\Videos\ACATCameraSwitchDemo.mp4 = Assets\Videos\ACATCameraSwitchDemo.mp4
	EndProjectSection
EndProject
Project("{2150E333-8FDC-42A3-9474-1A3956D46DE8}") = "BCI", "BCI", "{5DBEE13A-0518-4E71-BEC4-A7BA501C9F45}"
EndProject
Project("{2150E333-8FDC-42A3-9474-1A3956D46DE8}") = "Actuators", "Actuators", "{C91C405B-E0B3-4308-9D3A-B3C8ABA4A36A}"
EndProject
Project("{FAE04EC0-301F-11D3-BF4B-00C04F79EFBC}") = "BCIActuator", "Extensions\BCI\Actuators\BCIActuator\BCIActuator.csproj", "{E969CC07-051E-4C48-9B8C-D6616243FB28}"
EndProject
Project("{FAE04EC0-301F-11D3-BF4B-00C04F79EFBC}") = "EEGDataAcquisition", "Extensions\BCI\Actuators\EEGDataAcquisition\EEGDataAcquisition.csproj", "{7079E2BD-D443-4D8F-AC83-8CCFA64A1149}"
EndProject
Project("{FAE04EC0-301F-11D3-BF4B-00C04F79EFBC}") = "EEGProcessing", "Extensions\BCI\Actuators\EEGProcessing\EEGProcessing.csproj", "{8CA216C6-7476-4696-BA70-FB86A2920EBF}"
EndProject
Project("{FAE04EC0-301F-11D3-BF4B-00C04F79EFBC}") = "EEGSettings", "Extensions\BCI\Actuators\EEGSettings\EEGSettings.csproj", "{1761F46F-2543-45A2-B5D8-0591C078D9C6}"
EndProject
Project("{FAE04EC0-301F-11D3-BF4B-00C04F79EFBC}") = "EEGUtils", "Extensions\BCI\Actuators\EEGUtilities\EEGUtils.csproj", "{4B6B654F-50AF-4291-A464-11D73C1AFDF7}"
EndProject
Project("{2150E333-8FDC-42A3-9474-1A3956D46DE8}") = "Common", "Common", "{A3F27E94-BF5C-4968-8370-9CE22D62552A}"
EndProject
Project("{FAE04EC0-301F-11D3-BF4B-00C04F79EFBC}") = "AnimationSharp", "Extensions\BCI\Common\AnimationSharp\AnimationSharp.csproj", "{9B1D5877-A3C0-4AFD-8565-3FB32FFCD753}"
EndProject
Project("{FAE04EC0-301F-11D3-BF4B-00C04F79EFBC}") = "BCIControl", "Extensions\BCI\Common\BCIControl\BCIControl.csproj", "{DEFAA2BE-C13E-4350-9EFA-9370755B63D3}"
EndProject
Project("{FAE04EC0-301F-11D3-BF4B-00C04F79EFBC}") = "BCIInterfaceUtilities", "Extensions\BCI\Common\BCIInterfaceUtilities\BCIInterfaceUtilities.csproj", "{FF74AF7D-5C3B-4E1D-A3EC-100D00128F7C}"
EndProject
Project("{2150E333-8FDC-42A3-9474-1A3956D46DE8}") = "UI", "UI", "{437A14BE-7A02-443D-8E87-88CDF694A3DF}"
EndProject
Project("{2150E333-8FDC-42A3-9474-1A3956D46DE8}") = "en", "en", "{DF2F55C5-84D7-4B46-97DE-FFBA417802EB}"
EndProject
Project("{FAE04EC0-301F-11D3-BF4B-00C04F79EFBC}") = "Scanners", "Extensions\BCI\UI\en\Scanners\Scanners.csproj", "{8BDB3D08-7EED-41D1-98FA-20571671097E}"
	ProjectSection(ProjectDependencies) = postProject
		{A0990D4E-F25B-430C-BDA3-40A72560B877} = {A0990D4E-F25B-430C-BDA3-40A72560B877}
	EndProjectSection
EndProject
Project("{FAE04EC0-301F-11D3-BF4B-00C04F79EFBC}") = "UserControls", "Extensions\BCI\UI\en\UserControls\UserControls.csproj", "{0F38EE30-BF4C-4CFF-B795-C16828520DEA}"
EndProject
Project("{FAE04EC0-301F-11D3-BF4B-00C04F79EFBC}") = "gTecSensorUI", "Extensions\BCI\Actuators\gTec_SensorUI\gTecSensorUI.csproj", "{85991714-E58E-4A19-B7D4-9D9AD10DB9EC}"
EndProject
Project("{FAE04EC0-301F-11D3-BF4B-00C04F79EFBC}") = "openBCISensorUI", "Extensions\BCI\Actuators\openBCI_SensorUI\openBCISensorUI.csproj", "{380FC7B3-D784-422A-8D85-510A9E8698C6}"
EndProject
Project("{FAE04EC0-301F-11D3-BF4B-00C04F79EFBC}") = "PostBuildSolution", "PostBuildSolution\PostBuildSolution.csproj", "{7A3A12B2-0530-4C1D-A99C-C8C0A407A505}"
EndProject
Project("{FAE04EC0-301F-11D3-BF4B-00C04F79EFBC}") = "ACATApp", "Applications\ACATApp\ACATApp.csproj", "{06DE8A17-5D58-4858-BF18-86F7DB74E539}"
	ProjectSection(ProjectDependencies) = postProject
		{05ABFC83-DE35-40CE-82B2-43BF780FC9BE} = {05ABFC83-DE35-40CE-82B2-43BF780FC9BE}
		{0F38EE30-BF4C-4CFF-B795-C16828520DEA} = {0F38EE30-BF4C-4CFF-B795-C16828520DEA}
		{1761F46F-2543-45A2-B5D8-0591C078D9C6} = {1761F46F-2543-45A2-B5D8-0591C078D9C6}
		{380FC7B3-D784-422A-8D85-510A9E8698C6} = {380FC7B3-D784-422A-8D85-510A9E8698C6}
		{3FCDE727-C9C7-4838-B287-5F692BEF2084} = {3FCDE727-C9C7-4838-B287-5F692BEF2084}
		{4B6B654F-50AF-4291-A464-11D73C1AFDF7} = {4B6B654F-50AF-4291-A464-11D73C1AFDF7}
		{588E27A3-11FB-474A-AC35-BCA7BAB2B4E0} = {588E27A3-11FB-474A-AC35-BCA7BAB2B4E0}
		{65F2FCCD-1CF4-4FA8-B0EA-B5CDC9088386} = {65F2FCCD-1CF4-4FA8-B0EA-B5CDC9088386}
		{7079E2BD-D443-4D8F-AC83-8CCFA64A1149} = {7079E2BD-D443-4D8F-AC83-8CCFA64A1149}
		{7A3A12B2-0530-4C1D-A99C-C8C0A407A505} = {7A3A12B2-0530-4C1D-A99C-C8C0A407A505}
		{85991714-E58E-4A19-B7D4-9D9AD10DB9EC} = {85991714-E58E-4A19-B7D4-9D9AD10DB9EC}
		{8BDB3D08-7EED-41D1-98FA-20571671097E} = {8BDB3D08-7EED-41D1-98FA-20571671097E}
		{8CA216C6-7476-4696-BA70-FB86A2920EBF} = {8CA216C6-7476-4696-BA70-FB86A2920EBF}
		{9B1D5877-A3C0-4AFD-8565-3FB32FFCD753} = {9B1D5877-A3C0-4AFD-8565-3FB32FFCD753}
		{A035C1F1-3A28-4122-8134-75F77AEA6BA9} = {A035C1F1-3A28-4122-8134-75F77AEA6BA9}
		{A380620B-2D3C-4BE5-B51C-19E295BFE82A} = {A380620B-2D3C-4BE5-B51C-19E295BFE82A}
		{B0FA249F-28B6-49F6-80EE-75F57E92B563} = {B0FA249F-28B6-49F6-80EE-75F57E92B563}
		{C4725734-BA21-402D-B103-7358B364A436} = {C4725734-BA21-402D-B103-7358B364A436}
		{D43E8BAB-F732-4442-AFB5-A4A9B7EF5F94} = {D43E8BAB-F732-4442-AFB5-A4A9B7EF5F94}
		{DEFAA2BE-C13E-4350-9EFA-9370755B63D3} = {DEFAA2BE-C13E-4350-9EFA-9370755B63D3}
		{E969CC07-051E-4C48-9B8C-D6616243FB28} = {E969CC07-051E-4C48-9B8C-D6616243FB28}
		{FF74AF7D-5C3B-4E1D-A3EC-100D00128F7C} = {FF74AF7D-5C3B-4E1D-A3EC-100D00128F7C}
	EndProjectSection
EndProject
Project("{FAE04EC0-301F-11D3-BF4B-00C04F79EFBC}") = "ACATConfigNext", "Applications\ACATConfigNext\ACATConfigNext.csproj", "{588E27A3-11FB-474A-AC35-BCA7BAB2B4E0}"
EndProject
Project("{FAE04EC0-301F-11D3-BF4B-00C04F79EFBC}") = "OutlookAgent", "Extensions\Default\AppAgents\OutlookAgent\OutlookAgent.csproj", "{B0FA249F-28B6-49F6-80EE-75F57E92B563}"
EndProject
Project("{FAE04EC0-301F-11D3-BF4B-00C04F79EFBC}") = "ChromeBrowserAgent", "Extensions\Default\AppAgents\ChromeBrowserAgent\ChromeBrowserAgent.csproj", "{A035C1F1-3A28-4122-8134-75F77AEA6BA9}"
EndProject
Project("{2150E333-8FDC-42A3-9474-1A3956D46DE8}") = "FunctionalAgents", "FunctionalAgents", "{02EA681E-C7D8-13C7-8484-4AC65E1B71E8}"
EndProject
Project("{FAE04EC0-301F-11D3-BF4B-00C04F79EFBC}") = "LaunchAppAgent", "Extensions\Default\FunctionalAgents\LaunchAppAgent\LaunchAppAgent.csproj", "{A380620B-2D3C-4BE5-B51C-19E295BFE82A}"
EndProject
Project("{FAE04EC0-301F-11D3-BF4B-00C04F79EFBC}") = "SwitchWindowsAgent", "Extensions\Default\FunctionalAgents\SwitchWindowsAgent\SwitchWindowsAgent.csproj", "{D43E8BAB-F732-4442-AFB5-A4A9B7EF5F94}"
EndProject
Project("{FAE04EC0-301F-11D3-BF4B-00C04F79EFBC}") = "ACAT.Core", "Libraries\ACATCore\ACAT.Core.csproj", "{826EEEA7-2C6F-8308-786D-11E705D4B02E}"
EndProject
Project("{FAE04EC0-301F-11D3-BF4B-00C04F79EFBC}") = "ACAT.Extension", "Libraries\ACATExtension\ACAT.Extension.csproj", "{872B2B08-9A0F-0040-E7D3-D83762B1E071}"
EndProject
Project("{FAE04EC0-301F-11D3-BF4B-00C04F79EFBC}") = "ACAT.Extensions.Onboarding", "Extensions\ACAT.Extensions.Onboarding\ACAT.Extensions.Onboarding.csproj", "{66928635-273A-64DD-C46A-F4CD3C92E82D}"
EndProject
Project("{FAE04EC0-301F-11D3-BF4B-00C04F79EFBC}") = "ACAT.Extensions.UI", "Extensions\ACAT.Extensions.UI\ACAT.Extensions.UI.csproj", "{A255541E-6718-8D52-C52E-23AA65E7B1CD}"
EndProject
Project("{FAE04EC0-301F-11D3-BF4B-00C04F79EFBC}") = "ACAT.Extensions.WordPredictors.ConvAssist", "Extensions\Default\WordPredictors\ConvAssist\ACAT.Extensions.WordPredictors.ConvAssist.csproj", "{186179B3-5E2B-DB1A-6ACA-5A3625CB539F}"
EndProject
Project("{FAE04EC0-301F-11D3-BF4B-00C04F79EFBC}") = "ACAT.Extensions.TTSEngines.SAPIEngine", "Extensions\Default\TTSEngines\SAPIEngine\ACAT.Extensions.TTSEngines.SAPIEngine.csproj", "{E55C1C51-9F75-B815-D39D-BFE8DA57FBE2}"
EndProject
Project("{FAE04EC0-301F-11D3-BF4B-00C04F79EFBC}") = "ACAT.Extensions.TTSEngines.TTSClient", "Extensions\Default\TTSEngines\TTSClient\ACAT.Extensions.TTSEngines.TTSClient.csproj", "{6D976BC5-2A2B-932A-A983-D94E6A705B9B}"
EndProject
Project("{FAE04EC0-301F-11D3-BF4B-00C04F79EFBC}") = "ACAT.Extensions.Actuators.CameraActuator", "Extensions\Default\Actuators\CameraActuator\ACAT.Extensions.Actuators.CameraActuator.csproj", "{4F59829F-772F-3650-3FC8-DC3544852E4D}"
EndProject
Global
	GlobalSection(SolutionConfigurationPlatforms) = preSolution
		Debug|Any CPU = Debug|Any CPU
		Release|Any CPU = Release|Any CPU
	EndGlobalSection
	GlobalSection(ProjectConfigurationPlatforms) = postSolution
		{05ABFC83-DE35-40CE-82B2-43BF780FC9BE}.Debug|Any CPU.ActiveCfg = Debug|x64
		{05ABFC83-DE35-40CE-82B2-43BF780FC9BE}.Release|Any CPU.ActiveCfg = Release|x64
		{65F2FCCD-1CF4-4FA8-B0EA-B5CDC9088386}.Debug|Any CPU.ActiveCfg = Debug|x64
		{65F2FCCD-1CF4-4FA8-B0EA-B5CDC9088386}.Release|Any CPU.ActiveCfg = Release|x64
		{A0990D4E-F25B-430C-BDA3-40A72560B877}.Debug|Any CPU.ActiveCfg = Debug|Any CPU
		{A0990D4E-F25B-430C-BDA3-40A72560B877}.Debug|Any CPU.Build.0 = Debug|Any CPU
		{A0990D4E-F25B-430C-BDA3-40A72560B877}.Release|Any CPU.ActiveCfg = Release|Any CPU
		{A0990D4E-F25B-430C-BDA3-40A72560B877}.Release|Any CPU.Build.0 = Release|Any CPU
		{C4725734-BA21-402D-B103-7358B364A436}.Debug|Any CPU.ActiveCfg = Debug|x64
		{C4725734-BA21-402D-B103-7358B364A436}.Release|Any CPU.ActiveCfg = Release|x64
		{9A6FF395-2444-439A-990D-1BAB13BF56FD}.Debug|Any CPU.ActiveCfg = Debug|x64
		{9A6FF395-2444-439A-990D-1BAB13BF56FD}.Release|Any CPU.ActiveCfg = Release|x64
		{3FCDE727-C9C7-4838-B287-5F692BEF2084}.Debug|Any CPU.ActiveCfg = Debug|x64
		{3FCDE727-C9C7-4838-B287-5F692BEF2084}.Release|Any CPU.ActiveCfg = Release|x64
		{EDB861EC-18CB-4578-8DFC-36658124F70C}.Debug|Any CPU.ActiveCfg = Debug|x64
		{EDB861EC-18CB-4578-8DFC-36658124F70C}.Release|Any CPU.ActiveCfg = Release|x64
		{E969CC07-051E-4C48-9B8C-D6616243FB28}.Debug|Any CPU.ActiveCfg = Debug|x64
		{E969CC07-051E-4C48-9B8C-D6616243FB28}.Release|Any CPU.ActiveCfg = Release|x64
		{7079E2BD-D443-4D8F-AC83-8CCFA64A1149}.Debug|Any CPU.ActiveCfg = Debug|x64
		{7079E2BD-D443-4D8F-AC83-8CCFA64A1149}.Release|Any CPU.ActiveCfg = Release|x64
		{8CA216C6-7476-4696-BA70-FB86A2920EBF}.Debug|Any CPU.ActiveCfg = Debug|x64
		{8CA216C6-7476-4696-BA70-FB86A2920EBF}.Release|Any CPU.ActiveCfg = Release|x64
		{1761F46F-2543-45A2-B5D8-0591C078D9C6}.Debug|Any CPU.ActiveCfg = Debug|x64
		{1761F46F-2543-45A2-B5D8-0591C078D9C6}.Release|Any CPU.ActiveCfg = Release|x64
		{4B6B654F-50AF-4291-A464-11D73C1AFDF7}.Debug|Any CPU.ActiveCfg = Debug|x64
		{4B6B654F-50AF-4291-A464-11D73C1AFDF7}.Release|Any CPU.ActiveCfg = Release|x64
		{9B1D5877-A3C0-4AFD-8565-3FB32FFCD753}.Debug|Any CPU.ActiveCfg = Debug|x64
		{9B1D5877-A3C0-4AFD-8565-3FB32FFCD753}.Release|Any CPU.ActiveCfg = Release|x64
		{DEFAA2BE-C13E-4350-9EFA-9370755B63D3}.Debug|Any CPU.ActiveCfg = Debug|x64
		{DEFAA2BE-C13E-4350-9EFA-9370755B63D3}.Release|Any CPU.ActiveCfg = Release|x64
		{FF74AF7D-5C3B-4E1D-A3EC-100D00128F7C}.Debug|Any CPU.ActiveCfg = Debug|x64
		{FF74AF7D-5C3B-4E1D-A3EC-100D00128F7C}.Release|Any CPU.ActiveCfg = Release|x64
		{8BDB3D08-7EED-41D1-98FA-20571671097E}.Debug|Any CPU.ActiveCfg = Debug|x64
		{8BDB3D08-7EED-41D1-98FA-20571671097E}.Release|Any CPU.ActiveCfg = Release|x64
		{0F38EE30-BF4C-4CFF-B795-C16828520DEA}.Debug|Any CPU.ActiveCfg = Debug|x64
		{0F38EE30-BF4C-4CFF-B795-C16828520DEA}.Release|Any CPU.ActiveCfg = Release|x64
		{85991714-E58E-4A19-B7D4-9D9AD10DB9EC}.Debug|Any CPU.ActiveCfg = Debug|x64
		{85991714-E58E-4A19-B7D4-9D9AD10DB9EC}.Release|Any CPU.ActiveCfg = Release|x64
		{380FC7B3-D784-422A-8D85-510A9E8698C6}.Debug|Any CPU.ActiveCfg = Debug|x64
		{380FC7B3-D784-422A-8D85-510A9E8698C6}.Release|Any CPU.ActiveCfg = Release|x64
		{7A3A12B2-0530-4C1D-A99C-C8C0A407A505}.Debug|Any CPU.ActiveCfg = Debug|x64
		{7A3A12B2-0530-4C1D-A99C-C8C0A407A505}.Release|Any CPU.ActiveCfg = Release|x64
		{06DE8A17-5D58-4858-BF18-86F7DB74E539}.Debug|Any CPU.ActiveCfg = Debug|x64
		{06DE8A17-5D58-4858-BF18-86F7DB74E539}.Release|Any CPU.ActiveCfg = Release|x64
		{588E27A3-11FB-474A-AC35-BCA7BAB2B4E0}.Debug|Any CPU.ActiveCfg = Debug|x64
		{588E27A3-11FB-474A-AC35-BCA7BAB2B4E0}.Release|Any CPU.ActiveCfg = Release|x64
		{B0FA249F-28B6-49F6-80EE-75F57E92B563}.Debug|Any CPU.ActiveCfg = Debug|x64
		{B0FA249F-28B6-49F6-80EE-75F57E92B563}.Release|Any CPU.ActiveCfg = Release|x64
		{A035C1F1-3A28-4122-8134-75F77AEA6BA9}.Debug|Any CPU.ActiveCfg = Debug|x64
		{A035C1F1-3A28-4122-8134-75F77AEA6BA9}.Release|Any CPU.ActiveCfg = Release|x64
		{A380620B-2D3C-4BE5-B51C-19E295BFE82A}.Debug|Any CPU.ActiveCfg = Debug|x64
		{A380620B-2D3C-4BE5-B51C-19E295BFE82A}.Release|Any CPU.ActiveCfg = Release|x64
		{D43E8BAB-F732-4442-AFB5-A4A9B7EF5F94}.Debug|Any CPU.ActiveCfg = Debug|x64
		{D43E8BAB-F732-4442-AFB5-A4A9B7EF5F94}.Release|Any CPU.ActiveCfg = Release|x64
		{826EEEA7-2C6F-8308-786D-11E705D4B02E}.Debug|Any CPU.ActiveCfg = Debug|Any CPU
		{826EEEA7-2C6F-8308-786D-11E705D4B02E}.Debug|Any CPU.Build.0 = Debug|Any CPU
		{826EEEA7-2C6F-8308-786D-11E705D4B02E}.Release|Any CPU.ActiveCfg = Release|Any CPU
		{826EEEA7-2C6F-8308-786D-11E705D4B02E}.Release|Any CPU.Build.0 = Release|Any CPU
		{872B2B08-9A0F-0040-E7D3-D83762B1E071}.Debug|Any CPU.ActiveCfg = Debug|Any CPU
		{872B2B08-9A0F-0040-E7D3-D83762B1E071}.Debug|Any CPU.Build.0 = Debug|Any CPU
		{872B2B08-9A0F-0040-E7D3-D83762B1E071}.Release|Any CPU.ActiveCfg = Release|Any CPU
		{872B2B08-9A0F-0040-E7D3-D83762B1E071}.Release|Any CPU.Build.0 = Release|Any CPU
		{66928635-273A-64DD-C46A-F4CD3C92E82D}.Debug|Any CPU.ActiveCfg = Debug|Any CPU
		{66928635-273A-64DD-C46A-F4CD3C92E82D}.Debug|Any CPU.Build.0 = Debug|Any CPU
		{66928635-273A-64DD-C46A-F4CD3C92E82D}.Release|Any CPU.ActiveCfg = Release|Any CPU
		{66928635-273A-64DD-C46A-F4CD3C92E82D}.Release|Any CPU.Build.0 = Release|Any CPU
		{A255541E-6718-8D52-C52E-23AA65E7B1CD}.Debug|Any CPU.ActiveCfg = Debug|Any CPU
		{A255541E-6718-8D52-C52E-23AA65E7B1CD}.Debug|Any CPU.Build.0 = Debug|Any CPU
		{A255541E-6718-8D52-C52E-23AA65E7B1CD}.Release|Any CPU.ActiveCfg = Release|Any CPU
		{A255541E-6718-8D52-C52E-23AA65E7B1CD}.Release|Any CPU.Build.0 = Release|Any CPU
		{186179B3-5E2B-DB1A-6ACA-5A3625CB539F}.Debug|Any CPU.ActiveCfg = Debug|Any CPU
		{186179B3-5E2B-DB1A-6ACA-5A3625CB539F}.Debug|Any CPU.Build.0 = Debug|Any CPU
		{186179B3-5E2B-DB1A-6ACA-5A3625CB539F}.Release|Any CPU.ActiveCfg = Release|Any CPU
		{186179B3-5E2B-DB1A-6ACA-5A3625CB539F}.Release|Any CPU.Build.0 = Release|Any CPU
		{E55C1C51-9F75-B815-D39D-BFE8DA57FBE2}.Debug|Any CPU.ActiveCfg = Debug|Any CPU
		{E55C1C51-9F75-B815-D39D-BFE8DA57FBE2}.Debug|Any CPU.Build.0 = Debug|Any CPU
		{E55C1C51-9F75-B815-D39D-BFE8DA57FBE2}.Release|Any CPU.ActiveCfg = Release|Any CPU
		{E55C1C51-9F75-B815-D39D-BFE8DA57FBE2}.Release|Any CPU.Build.0 = Release|Any CPU
		{6D976BC5-2A2B-932A-A983-D94E6A705B9B}.Debug|Any CPU.ActiveCfg = Debug|Any CPU
		{6D976BC5-2A2B-932A-A983-D94E6A705B9B}.Debug|Any CPU.Build.0 = Debug|Any CPU
		{6D976BC5-2A2B-932A-A983-D94E6A705B9B}.Release|Any CPU.ActiveCfg = Release|Any CPU
		{6D976BC5-2A2B-932A-A983-D94E6A705B9B}.Release|Any CPU.Build.0 = Release|Any CPU
		{4F59829F-772F-3650-3FC8-DC3544852E4D}.Debug|Any CPU.ActiveCfg = Debug|Any CPU
		{4F59829F-772F-3650-3FC8-DC3544852E4D}.Debug|Any CPU.Build.0 = Debug|Any CPU
		{4F59829F-772F-3650-3FC8-DC3544852E4D}.Release|Any CPU.ActiveCfg = Release|Any CPU
		{4F59829F-772F-3650-3FC8-DC3544852E4D}.Release|Any CPU.Build.0 = Release|Any CPU
	EndGlobalSection
	GlobalSection(SolutionProperties) = preSolution
		HideSolutionNode = FALSE
	EndGlobalSection
	GlobalSection(NestedProjects) = preSolution
		{1C2D2F09-6F4F-4FC5-8F8B-6741D83B74EF} = {A1CD68C8-CE85-4A15-BF82-6154CB6E4A77}
		{7E0D614D-B425-44A5-BD39-277AC72EBA0B} = {A1CD68C8-CE85-4A15-BF82-6154CB6E4A77}
		{5A796EE9-3722-42B5-81D9-24193B8D59D3} = {A1CD68C8-CE85-4A15-BF82-6154CB6E4A77}
		{05ABFC83-DE35-40CE-82B2-43BF780FC9BE} = {7E0D614D-B425-44A5-BD39-277AC72EBA0B}
		{26FDAD1D-8E56-49C0-953A-2CCE29EB2670} = {A1CD68C8-CE85-4A15-BF82-6154CB6E4A77}
		{65F2FCCD-1CF4-4FA8-B0EA-B5CDC9088386} = {17F81CBF-F114-42F9-9103-8E92E1B7650D}
		{EB8BDFCC-4136-4348-8854-98D2505AC5B6} = {E9CDF974-CB3A-4A9D-B046-DA6907E0E2E3}
		{0B9A0463-9C5D-4203-82EA-2B611C710B1E} = {E9CDF974-CB3A-4A9D-B046-DA6907E0E2E3}
		{6EAFE6D4-6678-4098-AEA4-2EDDF7BCDB6C} = {E9CDF974-CB3A-4A9D-B046-DA6907E0E2E3}
		{BC304342-5932-47FD-8DB0-D19AF89769FC} = {E9CDF974-CB3A-4A9D-B046-DA6907E0E2E3}
		{DC8984C5-B6FB-46C8-943B-F2FBB61265FD} = {6EAFE6D4-6678-4098-AEA4-2EDDF7BCDB6C}
		{C4725734-BA21-402D-B103-7358B364A436} = {7E0D614D-B425-44A5-BD39-277AC72EBA0B}
		{9A6FF395-2444-439A-990D-1BAB13BF56FD} = {17F81CBF-F114-42F9-9103-8E92E1B7650D}
		{3FCDE727-C9C7-4838-B287-5F692BEF2084} = {17F81CBF-F114-42F9-9103-8E92E1B7650D}
		{EDB861EC-18CB-4578-8DFC-36658124F70C} = {17F81CBF-F114-42F9-9103-8E92E1B7650D}
		{341D3FF4-4E2B-4C6D-ACC7-38AE74F58BDF} = {E9CDF974-CB3A-4A9D-B046-DA6907E0E2E3}
		{5DBEE13A-0518-4E71-BEC4-A7BA501C9F45} = {A1CD68C8-CE85-4A15-BF82-6154CB6E4A77}
		{C91C405B-E0B3-4308-9D3A-B3C8ABA4A36A} = {5DBEE13A-0518-4E71-BEC4-A7BA501C9F45}
		{E969CC07-051E-4C48-9B8C-D6616243FB28} = {C91C405B-E0B3-4308-9D3A-B3C8ABA4A36A}
		{7079E2BD-D443-4D8F-AC83-8CCFA64A1149} = {C91C405B-E0B3-4308-9D3A-B3C8ABA4A36A}
		{8CA216C6-7476-4696-BA70-FB86A2920EBF} = {C91C405B-E0B3-4308-9D3A-B3C8ABA4A36A}
		{1761F46F-2543-45A2-B5D8-0591C078D9C6} = {C91C405B-E0B3-4308-9D3A-B3C8ABA4A36A}
		{4B6B654F-50AF-4291-A464-11D73C1AFDF7} = {C91C405B-E0B3-4308-9D3A-B3C8ABA4A36A}
		{A3F27E94-BF5C-4968-8370-9CE22D62552A} = {5DBEE13A-0518-4E71-BEC4-A7BA501C9F45}
		{9B1D5877-A3C0-4AFD-8565-3FB32FFCD753} = {A3F27E94-BF5C-4968-8370-9CE22D62552A}
		{DEFAA2BE-C13E-4350-9EFA-9370755B63D3} = {A3F27E94-BF5C-4968-8370-9CE22D62552A}
		{FF74AF7D-5C3B-4E1D-A3EC-100D00128F7C} = {A3F27E94-BF5C-4968-8370-9CE22D62552A}
		{437A14BE-7A02-443D-8E87-88CDF694A3DF} = {5DBEE13A-0518-4E71-BEC4-A7BA501C9F45}
		{DF2F55C5-84D7-4B46-97DE-FFBA417802EB} = {437A14BE-7A02-443D-8E87-88CDF694A3DF}
		{8BDB3D08-7EED-41D1-98FA-20571671097E} = {DF2F55C5-84D7-4B46-97DE-FFBA417802EB}
		{0F38EE30-BF4C-4CFF-B795-C16828520DEA} = {DF2F55C5-84D7-4B46-97DE-FFBA417802EB}
		{85991714-E58E-4A19-B7D4-9D9AD10DB9EC} = {C91C405B-E0B3-4308-9D3A-B3C8ABA4A36A}
		{380FC7B3-D784-422A-8D85-510A9E8698C6} = {C91C405B-E0B3-4308-9D3A-B3C8ABA4A36A}
		{06DE8A17-5D58-4858-BF18-86F7DB74E539} = {17F81CBF-F114-42F9-9103-8E92E1B7650D}
		{588E27A3-11FB-474A-AC35-BCA7BAB2B4E0} = {17F81CBF-F114-42F9-9103-8E92E1B7650D}
		{B0FA249F-28B6-49F6-80EE-75F57E92B563} = {7E0D614D-B425-44A5-BD39-277AC72EBA0B}
		{A035C1F1-3A28-4122-8134-75F77AEA6BA9} = {7E0D614D-B425-44A5-BD39-277AC72EBA0B}
		{02EA681E-C7D8-13C7-8484-4AC65E1B71E8} = {A1CD68C8-CE85-4A15-BF82-6154CB6E4A77}
		{A380620B-2D3C-4BE5-B51C-19E295BFE82A} = {02EA681E-C7D8-13C7-8484-4AC65E1B71E8}
		{D43E8BAB-F732-4442-AFB5-A4A9B7EF5F94} = {02EA681E-C7D8-13C7-8484-4AC65E1B71E8}
		{826EEEA7-2C6F-8308-786D-11E705D4B02E} = {F31B0046-DF34-45FD-9897-3B3BDC45EBAD}
		{872B2B08-9A0F-0040-E7D3-D83762B1E071} = {F31B0046-DF34-45FD-9897-3B3BDC45EBAD}
		{66928635-273A-64DD-C46A-F4CD3C92E82D} = {A1CD68C8-CE85-4A15-BF82-6154CB6E4A77}
		{A255541E-6718-8D52-C52E-23AA65E7B1CD} = {A1CD68C8-CE85-4A15-BF82-6154CB6E4A77}
		{186179B3-5E2B-DB1A-6ACA-5A3625CB539F} = {26FDAD1D-8E56-49C0-953A-2CCE29EB2670}
		{E55C1C51-9F75-B815-D39D-BFE8DA57FBE2} = {5A796EE9-3722-42B5-81D9-24193B8D59D3}
		{6D976BC5-2A2B-932A-A983-D94E6A705B9B} = {5A796EE9-3722-42B5-81D9-24193B8D59D3}
		{4F59829F-772F-3650-3FC8-DC3544852E4D} = {1C2D2F09-6F4F-4FC5-8F8B-6741D83B74EF}
	EndGlobalSection
	GlobalSection(ExtensibilityGlobals) = postSolution
		RESX_AutoCreateNewLanguageFiles = True
		SolutionGuid = {6C18E44C-06E3-46DB-9C9C-5B18BC658072}
	EndGlobalSection
EndGlobal
