
Microsoft Visual Studio Solution File, Format Version 12.00
# Visual Studio Version 17
VisualStudioVersion = 17.14.36105.17
MinimumVisualStudioVersion = 10.0.40219.1
Project("{2150E333-8FDC-42A3-9474-1A3956D46DE8}") = "Extensions", "Extensions", "{A1CD68C8-CE85-4A15-BF82-6154CB6E4A77}"
EndProject
Project("{2150E333-8FDC-42A3-9474-1A3956D46DE8}") = "Actuators", "Actuators", "{1C2D2F09-6F4F-4FC5-8F8B-6741D83B74EF}"
EndProject
Project("{2150E333-8FDC-42A3-9474-1A3956D46DE8}") = "AppAgents", "AppAgents", "{7E0D614D-B425-44A5-BD39-277AC72EBA0B}"
EndProject
Project("{2150E333-8FDC-42A3-9474-1A3956D46DE8}") = "TTSEngines", "TTSEngines", "{5A796EE9-3722-42B5-81D9-24193B8D59D3}"
EndProject
Project("{2150E333-8FDC-42A3-9474-1A3956D46DE8}") = "Applications", "Applications", "{17F81CBF-F114-42F9-9103-8E92E1B7650D}"
EndProject
Project("{2150E333-8FDC-42A3-9474-1A3956D46DE8}") = "Lib", "Lib", "{F31B0046-DF34-45FD-9897-3B3BDC45EBAD}"
EndProject
Project("{2150E333-8FDC-42A3-9474-1A3956D46DE8}") = "WordPredictors", "WordPredictors", "{26FDAD1D-8E56-49C0-953A-2CCE29EB2670}"
EndProject
Project("{FAE04EC0-301F-11D3-BF4B-00C04F79EFBC}") = "ACATResources", "ACATResources\ACATResources.csproj", "{A0990D4E-F25B-430C-BDA3-40A72560B877}"
EndProject
Project("{2150E333-8FDC-42A3-9474-1A3956D46DE8}") = "Assets", "Assets", "{E9CDF974-CB3A-4A9D-B046-DA6907E0E2E3}"
EndProject
Project("{2150E333-8FDC-42A3-9474-1A3956D46DE8}") = "Fonts", "Fonts", "{EB8BDFCC-4136-4348-8854-98D2505AC5B6}"
	ProjectSection(SolutionItems) = preProject
		Assets\Fonts\ACATFONT1.otf = Assets\Fonts\ACATFONT1.otf
		Assets\Fonts\Montserrat-Italic-VariableFont_wght.ttf = Assets\Fonts\Montserrat-Italic-VariableFont_wght.ttf
		Assets\Fonts\Montserrat-VariableFont_wght.ttf = Assets\Fonts\Montserrat-VariableFont_wght.ttf
	EndProjectSection
EndProject
Project("{2150E333-8FDC-42A3-9474-1A3956D46DE8}") = "Images", "Images", "{0B9A0463-9C5D-4203-82EA-2B611C710B1E}"
	ProjectSection(SolutionItems) = preProject
		Assets\Images\ABCKeyboardLayout.png = Assets\Images\ABCKeyboardLayout.png
		Assets\Images\ACATTalk.ico = Assets\Images\ACATTalk.ico
		Assets\Images\HardwareSwitch.png = Assets\Images\HardwareSwitch.png
		Assets\Images\keyboard callouts.png = Assets\Images\keyboard callouts.png
		Assets\Images\KeyboardSwitch.jpg = Assets\Images\KeyboardSwitch.jpg
		Assets\Images\QWERTYKeyboardLayout.png = Assets\Images\QWERTYKeyboardLayout.png
		Assets\Images\SwitchTestActivated.png = Assets\Images\SwitchTestActivated.png
		Assets\Images\SwitchTestDefault.png = Assets\Images\SwitchTestDefault.png
		Assets\Images\WebcamSampleImage.png = Assets\Images\WebcamSampleImage.png
		Assets\Images\WebcamSwitch.jpg = Assets\Images\WebcamSwitch.jpg
	EndProjectSection
EndProject
Project("{2150E333-8FDC-42A3-9474-1A3956D46DE8}") = "Themes", "Themes", "{6EAFE6D4-6678-4098-AEA4-2EDDF7BCDB6C}"
EndProject
Project("{2150E333-8FDC-42A3-9474-1A3956D46DE8}") = "Sounds", "Sounds", "{BC304342-5932-47FD-8DB0-D19AF89769FC}"
	ProjectSection(SolutionItems) = preProject
		Assets\Sounds\alarm.wav = Assets\Sounds\alarm.wav
		Assets\Sounds\beep.wav = Assets\Sounds\beep.wav
		Assets\Sounds\beepHigh.wav = Assets\Sounds\beepHigh.wav
		Assets\Sounds\Chimes.wav = Assets\Sounds\Chimes.wav
		Assets\Sounds\Chimes2.wav = Assets\Sounds\Chimes2.wav
		Assets\Sounds\click.wav = Assets\Sounds\click.wav
	EndProjectSection
EndProject
Project("{2150E333-8FDC-42A3-9474-1A3956D46DE8}") = "Default", "Default", "{DC8984C5-B6FB-46C8-943B-F2FBB61265FD}"
	ProjectSection(SolutionItems) = preProject
		Assets\Themes\Default\Theme.xml = Assets\Themes\Default\Theme.xml
	EndProjectSection
EndProject
Project("{2150E333-8FDC-42A3-9474-1A3956D46DE8}") = "Solution Items", "Solution Items", "{A3075AF7-0F43-42FB-9C85-62F6B40B4D47}"
	ProjectSection(SolutionItems) = preProject
		.editorconfig = .editorconfig
		Directory.Build.props = Directory.Build.props
	EndProjectSection
EndProject
Project("{2150E333-8FDC-42A3-9474-1A3956D46DE8}") = "Videos", "Videos", "{341D3FF4-4E2B-4C6D-ACC7-38AE74F58BDF}"
	ProjectSection(SolutionItems) = preProject
		Assets\Videos\ACATCameraSwitchDemo.mp4 = Assets\Videos\ACATCameraSwitchDemo.mp4
	EndProjectSection
EndProject
Project("{2150E333-8FDC-42A3-9474-1A3956D46DE8}") = "BCI", "BCI", "{5DBEE13A-0518-4E71-BEC4-A7BA501C9F45}"
EndProject
Project("{2150E333-8FDC-42A3-9474-1A3956D46DE8}") = "Actuators", "Actuators", "{C91C405B-E0B3-4308-9D3A-B3C8ABA4A36A}"
EndProject
Project("{2150E333-8FDC-42A3-9474-1A3956D46DE8}") = "Common", "Common", "{A3F27E94-BF5C-4968-8370-9CE22D62552A}"
EndProject
Project("{2150E333-8FDC-42A3-9474-1A3956D46DE8}") = "FunctionalAgents", "FunctionalAgents", "{02EA681E-C7D8-13C7-8484-4AC65E1B71E8}"
EndProject
Project("{FAE04EC0-301F-11D3-BF4B-00C04F79EFBC}") = "ACAT.Core", "Libraries\ACATCore\ACAT.Core.csproj", "{826EEEA7-2C6F-8308-786D-11E705D4B02E}"
EndProject
Project("{FAE04EC0-301F-11D3-BF4B-00C04F79EFBC}") = "ACAT.Extension", "Libraries\ACATExtension\ACAT.Extension.csproj", "{872B2B08-9A0F-0040-E7D3-D83762B1E071}"
EndProject
Project("{FAE04EC0-301F-11D3-BF4B-00C04F79EFBC}") = "ACAT.Extensions.Onboarding", "Extensions\ACAT.Extensions.Onboarding\ACAT.Extensions.Onboarding.csproj", "{66928635-273A-64DD-C46A-F4CD3C92E82D}"
EndProject
Project("{FAE04EC0-301F-11D3-BF4B-00C04F79EFBC}") = "ACAT.Extensions.UI", "Extensions\ACAT.Extensions.UI\ACAT.Extensions.UI.csproj", "{A255541E-6718-8D52-C52E-23AA65E7B1CD}"
EndProject
Project("{FAE04EC0-301F-11D3-BF4B-00C04F79EFBC}") = "ACAT.Extensions.WordPredictors.ConvAssist", "Extensions\Default\WordPredictors\ConvAssist\ACAT.Extensions.WordPredictors.ConvAssist.csproj", "{186179B3-5E2B-DB1A-6ACA-5A3625CB539F}"
EndProject
Project("{FAE04EC0-301F-11D3-BF4B-00C04F79EFBC}") = "ACAT.Extensions.TTSEngines.SAPIEngine", "Extensions\Default\TTSEngines\SAPIEngine\ACAT.Extensions.TTSEngines.SAPIEngine.csproj", "{E55C1C51-9F75-B815-D39D-BFE8DA57FBE2}"
EndProject
Project("{FAE04EC0-301F-11D3-BF4B-00C04F79EFBC}") = "ACAT.Extensions.TTSEngines.TTSClient", "Extensions\Default\TTSEngines\TTSClient\ACAT.Extensions.TTSEngines.TTSClient.csproj", "{6D976BC5-2A2B-932A-A983-D94E6A705B9B}"
EndProject
Project("{FAE04EC0-301F-11D3-BF4B-00C04F79EFBC}") = "ACAT.Extensions.Actuators.CameraActuator", "Extensions\Default\Actuators\CameraActuator\ACAT.Extensions.Actuators.CameraActuator.csproj", "{4F59829F-772F-3650-3FC8-DC3544852E4D}"
EndProject
Project("{FAE04EC0-301F-11D3-BF4B-00C04F79EFBC}") = "ACAT.Extensions.AppAgents.AcatAgent", "Extensions\Default\AppAgents\ACATAgent\ACAT.Extensions.AppAgents.AcatAgent.csproj", "{B73234CD-82DC-5F6C-5EF8-3EF6DF4CB418}"
EndProject
Project("{FAE04EC0-301F-11D3-BF4B-00C04F79EFBC}") = "ACAT.Extensions.AppAgents.TalkApplicationScannerAgent", "Extensions\Default\AppAgents\TalkApplicationScannerAgent\ACAT.Extensions.AppAgents.TalkApplicationScannerAgent.csproj", "{CA85DB75-3959-6A2B-4EE9-0868C1D0E404}"
EndProject
Project("{FAE04EC0-301F-11D3-BF4B-00C04F79EFBC}") = "ACAT.Extensions.FunctionalAgents.LaunchAppAgent", "Extensions\Default\FunctionalAgents\LaunchAppAgent\ACAT.Extensions.FunctionalAgents.LaunchAppAgent.csproj", "{8D17EF23-BF1B-E7F2-F6CB-C7CF9B064607}"
EndProject
Project("{FAE04EC0-301F-11D3-BF4B-00C04F79EFBC}") = "ACAT.Extensions.FunctionalAgents.SwitchWindowsAgent", "Extensions\Default\FunctionalAgents\SwitchWindowsAgent\ACAT.Extensions.FunctionalAgents.SwitchWindowsAgent.csproj", "{E19B47F0-F135-8FEA-E0F3-62ECC71BD3C6}"
EndProject
Project("{FAE04EC0-301F-11D3-BF4B-00C04F79EFBC}") = "ACAT.Extensions.BCI.UI", "Extensions\BCI\ACAT.Extensions.BCI.UI\ACAT.Extensions.BCI.UI.csproj", "{747FF50F-52E4-970E-E63D-5884C83D0974}"
EndProject
Project("{FAE04EC0-301F-11D3-BF4B-00C04F79EFBC}") = "ACAT.Extensions.BCI.Common.AnimationSharp", "Extensions\BCI\Common\AnimationSharp\ACAT.Extensions.BCI.Common.AnimationSharp.csproj", "{61E9CDFA-71D2-9A43-52D4-74D32E80F5B0}"
EndProject
Project("{FAE04EC0-301F-11D3-BF4B-00C04F79EFBC}") = "ACAT.Extensions.BCI.Common.BCIControl", "Extensions\BCI\Common\BCIControl\ACAT.Extensions.BCI.Common.BCIControl.csproj", "{7EA9A43B-1059-FB85-32C2-E8DDE831C50A}"
EndProject
Project("{FAE04EC0-301F-11D3-BF4B-00C04F79EFBC}") = "ACAT.Extensions.BCI.Common.BCIInterfaceUtilities", "Extensions\BCI\Common\BCIInterfaceUtilities\ACAT.Extensions.BCI.Common.BCIInterfaceUtilities.csproj", "{5376217A-9D9E-F60C-27FC-9DDAA910E9B8}"
EndProject
Project("{FAE04EC0-301F-11D3-BF4B-00C04F79EFBC}") = "ACAT.Extensions.BCI.Actuators.EEG.EEGSettings", "Extensions\BCI\Actuators\EEGSettings\ACAT.Extensions.BCI.Actuators.EEG.EEGSettings.csproj", "{F920AA58-3C74-2712-83D9-7F3061854D1A}"
EndProject
Project("{FAE04EC0-301F-11D3-BF4B-00C04F79EFBC}") = "ACAT.Extensions.BCI.Actuators.EEG.EEGUtils", "Extensions\BCI\Actuators\EEGUtilities\ACAT.Extensions.BCI.Actuators.EEG.EEGUtils.csproj", "{47B31D83-EFA0-A7AA-D45D-6D2DF874A991}"
EndProject
Project("{FAE04EC0-301F-11D3-BF4B-00C04F79EFBC}") = "ACAT.Extensions.BCI.Actuators.openBCISensorUI", "Extensions\BCI\Actuators\openBCI_SensorUI\ACAT.Extensions.BCI.Actuators.openBCISensorUI.csproj", "{AF5F9936-E3DB-0102-12ED-A9737E44473C}"
EndProject
Project("{FAE04EC0-301F-11D3-BF4B-00C04F79EFBC}") = "ACAT.Extensions.BCI.Actuators.EEG.EEGDataAcquisition", "Extensions\BCI\Actuators\EEGDataAcquisition\ACAT.Extensions.BCI.Actuators.EEG.EEGDataAcquisition.csproj", "{70150ED9-07C4-412C-EE51-8F4E888BD7E9}"
EndProject
Project("{FAE04EC0-301F-11D3-BF4B-00C04F79EFBC}") = "ACAT.Extensions.BCI.Actuators.EEG.EEGProcessing", "Extensions\BCI\Actuators\EEGProcessing\ACAT.Extensions.BCI.Actuators.EEG.EEGProcessing.csproj", "{E93AB2D4-C1AE-6674-EED2-809FEDA2FFDA}"
EndProject
Project("{FAE04EC0-301F-11D3-BF4B-00C04F79EFBC}") = "ACAT.Extensions.BCI.Actuators.gTecSensorUI", "Extensions\BCI\Actuators\gTec_SensorUI\ACAT.Extensions.BCI.Actuators.gTecSensorUI.csproj", "{7FA7945D-2033-061A-7BEC-85F7063F4E61}"
EndProject
Project("{FAE04EC0-301F-11D3-BF4B-00C04F79EFBC}") = "ACAT.Extensions.BCI.Actuators.BCIActuator", "Extensions\BCI\Actuators\BCIActuator\ACAT.Extensions.BCI.Actuators.BCIActuator.csproj", "{011B7C2B-D04D-AD22-F8C4-A9B024C1818F}"
EndProject
Project("{FAE04EC0-301F-11D3-BF4B-00C04F79EFBC}") = "AppCommon", "Applications\AppCommon\AppCommon.csproj", "{AEA65A4F-7B15-4394-9728-EDAAA8C7B1D9}"
EndProject
Project("{FAE04EC0-301F-11D3-BF4B-00C04F79EFBC}") = "ACATWatch", "Applications\ACATWatch\ACATWatch.csproj", "{4E96B05F-5C0F-8F21-B165-31A245EFA6D5}"
EndProject
Project("{FAE04EC0-301F-11D3-BF4B-00C04F79EFBC}") = "ACATApp", "Applications\ACATApp\ACATApp.csproj", "{BAEAE0C8-2EA8-DC94-BA01-EF7933259DE9}"
EndProject
Project("{FAE04EC0-301F-11D3-BF4B-00C04F79EFBC}") = "ACATTalk", "Applications\ACATTalk\ACATTalk.csproj", "{A7F35610-4A21-CBD9-229C-8A82A0A975B6}"
EndProject
Project("{FAE04EC0-301F-11D3-BF4B-00C04F79EFBC}") = "ACATConfig", "Applications\ACATConfigNext\ACATConfig.csproj", "{489EAED8-55EB-C35C-59B7-6B862E57F816}"
EndProject
Global
	GlobalSection(SolutionConfigurationPlatforms) = preSolution
		Debug_TestGTEC|x64 = Debug_TestGTEC|x64
		Debug|x64 = Debug|x64
		Release|x64 = Release|x64
	EndGlobalSection
	GlobalSection(ProjectConfigurationPlatforms) = postSolution
		{A0990D4E-F25B-430C-BDA3-40A72560B877}.Debug_TestGTEC|x64.ActiveCfg = Debug|x64
		{A0990D4E-F25B-430C-BDA3-40A72560B877}.Debug_TestGTEC|x64.Build.0 = Debug|x64
		{A0990D4E-F25B-430C-BDA3-40A72560B877}.Debug|x64.ActiveCfg = Debug|x64
		{A0990D4E-F25B-430C-BDA3-40A72560B877}.Debug|x64.Build.0 = Debug|x64
		{A0990D4E-F25B-430C-BDA3-40A72560B877}.Release|x64.ActiveCfg = Release|x64
		{A0990D4E-F25B-430C-BDA3-40A72560B877}.Release|x64.Build.0 = Release|x64
		{826EEEA7-2C6F-8308-786D-11E705D4B02E}.Debug_TestGTEC|x64.ActiveCfg = Debug|x64
		{826EEEA7-2C6F-8308-786D-11E705D4B02E}.Debug_TestGTEC|x64.Build.0 = Debug|x64
		{826EEEA7-2C6F-8308-786D-11E705D4B02E}.Debug|x64.ActiveCfg = Debug|x64
		{826EEEA7-2C6F-8308-786D-11E705D4B02E}.Debug|x64.Build.0 = Debug|x64
		{826EEEA7-2C6F-8308-786D-11E705D4B02E}.Release|x64.ActiveCfg = Release|x64
		{826EEEA7-2C6F-8308-786D-11E705D4B02E}.Release|x64.Build.0 = Release|x64
		{872B2B08-9A0F-0040-E7D3-D83762B1E071}.Debug_TestGTEC|x64.ActiveCfg = Debug|x64
		{872B2B08-9A0F-0040-E7D3-D83762B1E071}.Debug_TestGTEC|x64.Build.0 = Debug|x64
		{872B2B08-9A0F-0040-E7D3-D83762B1E071}.Debug|x64.ActiveCfg = Debug|x64
		{872B2B08-9A0F-0040-E7D3-D83762B1E071}.Debug|x64.Build.0 = Debug|x64
		{872B2B08-9A0F-0040-E7D3-D83762B1E071}.Release|x64.ActiveCfg = Release|x64
		{872B2B08-9A0F-0040-E7D3-D83762B1E071}.Release|x64.Build.0 = Release|x64
		{66928635-273A-64DD-C46A-F4CD3C92E82D}.Debug_TestGTEC|x64.ActiveCfg = Debug|x64
		{66928635-273A-64DD-C46A-F4CD3C92E82D}.Debug_TestGTEC|x64.Build.0 = Debug|x64
		{66928635-273A-64DD-C46A-F4CD3C92E82D}.Debug|x64.ActiveCfg = Debug|x64
		{66928635-273A-64DD-C46A-F4CD3C92E82D}.Debug|x64.Build.0 = Debug|x64
		{66928635-273A-64DD-C46A-F4CD3C92E82D}.Release|x64.ActiveCfg = Release|x64
		{66928635-273A-64DD-C46A-F4CD3C92E82D}.Release|x64.Build.0 = Release|x64
		{A255541E-6718-8D52-C52E-23AA65E7B1CD}.Debug_TestGTEC|x64.ActiveCfg = Debug|x64
		{A255541E-6718-8D52-C52E-23AA65E7B1CD}.Debug_TestGTEC|x64.Build.0 = Debug|x64
		{A255541E-6718-8D52-C52E-23AA65E7B1CD}.Debug|x64.ActiveCfg = Debug|x64
		{A255541E-6718-8D52-C52E-23AA65E7B1CD}.Debug|x64.Build.0 = Debug|x64
		{A255541E-6718-8D52-C52E-23AA65E7B1CD}.Release|x64.ActiveCfg = Release|x64
		{A255541E-6718-8D52-C52E-23AA65E7B1CD}.Release|x64.Build.0 = Release|x64
		{186179B3-5E2B-DB1A-6ACA-5A3625CB539F}.Debug_TestGTEC|x64.ActiveCfg = Debug|x64
		{186179B3-5E2B-DB1A-6ACA-5A3625CB539F}.Debug_TestGTEC|x64.Build.0 = Debug|x64
		{186179B3-5E2B-DB1A-6ACA-5A3625CB539F}.Debug|x64.ActiveCfg = Debug|x64
		{186179B3-5E2B-DB1A-6ACA-5A3625CB539F}.Debug|x64.Build.0 = Debug|x64
		{186179B3-5E2B-DB1A-6ACA-5A3625CB539F}.Release|x64.ActiveCfg = Release|x64
		{186179B3-5E2B-DB1A-6ACA-5A3625CB539F}.Release|x64.Build.0 = Release|x64
		{E55C1C51-9F75-B815-D39D-BFE8DA57FBE2}.Debug_TestGTEC|x64.ActiveCfg = Debug|x64
		{E55C1C51-9F75-B815-D39D-BFE8DA57FBE2}.Debug_TestGTEC|x64.Build.0 = Debug|x64
		{E55C1C51-9F75-B815-D39D-BFE8DA57FBE2}.Debug|x64.ActiveCfg = Debug|x64
		{E55C1C51-9F75-B815-D39D-BFE8DA57FBE2}.Debug|x64.Build.0 = Debug|x64
		{E55C1C51-9F75-B815-D39D-BFE8DA57FBE2}.Release|x64.ActiveCfg = Release|x64
		{E55C1C51-9F75-B815-D39D-BFE8DA57FBE2}.Release|x64.Build.0 = Release|x64
		{6D976BC5-2A2B-932A-A983-D94E6A705B9B}.Debug_TestGTEC|x64.ActiveCfg = Debug|x64
		{6D976BC5-2A2B-932A-A983-D94E6A705B9B}.Debug_TestGTEC|x64.Build.0 = Debug|x64
		{6D976BC5-2A2B-932A-A983-D94E6A705B9B}.Debug|x64.ActiveCfg = Debug|x64
		{6D976BC5-2A2B-932A-A983-D94E6A705B9B}.Debug|x64.Build.0 = Debug|x64
		{6D976BC5-2A2B-932A-A983-D94E6A705B9B}.Release|x64.ActiveCfg = Release|x64
		{6D976BC5-2A2B-932A-A983-D94E6A705B9B}.Release|x64.Build.0 = Release|x64
		{4F59829F-772F-3650-3FC8-DC3544852E4D}.Debug_TestGTEC|x64.ActiveCfg = Debug|x64
		{4F59829F-772F-3650-3FC8-DC3544852E4D}.Debug_TestGTEC|x64.Build.0 = Debug|x64
		{4F59829F-772F-3650-3FC8-DC3544852E4D}.Debug|x64.ActiveCfg = Debug|x64
		{4F59829F-772F-3650-3FC8-DC3544852E4D}.Debug|x64.Build.0 = Debug|x64
		{4F59829F-772F-3650-3FC8-DC3544852E4D}.Release|x64.ActiveCfg = Release|x64
		{4F59829F-772F-3650-3FC8-DC3544852E4D}.Release|x64.Build.0 = Release|x64
		{B73234CD-82DC-5F6C-5EF8-3EF6DF4CB418}.Debug_TestGTEC|x64.ActiveCfg = Debug|x64
		{B73234CD-82DC-5F6C-5EF8-3EF6DF4CB418}.Debug_TestGTEC|x64.Build.0 = Debug|x64
		{B73234CD-82DC-5F6C-5EF8-3EF6DF4CB418}.Debug|x64.ActiveCfg = Debug|x64
		{B73234CD-82DC-5F6C-5EF8-3EF6DF4CB418}.Debug|x64.Build.0 = Debug|x64
		{B73234CD-82DC-5F6C-5EF8-3EF6DF4CB418}.Release|x64.ActiveCfg = Release|x64
		{B73234CD-82DC-5F6C-5EF8-3EF6DF4CB418}.Release|x64.Build.0 = Release|x64
		{CA85DB75-3959-6A2B-4EE9-0868C1D0E404}.Debug_TestGTEC|x64.ActiveCfg = Debug|x64
		{CA85DB75-3959-6A2B-4EE9-0868C1D0E404}.Debug_TestGTEC|x64.Build.0 = Debug|x64
		{CA85DB75-3959-6A2B-4EE9-0868C1D0E404}.Debug|x64.ActiveCfg = Debug|x64
		{CA85DB75-3959-6A2B-4EE9-0868C1D0E404}.Debug|x64.Build.0 = Debug|x64
		{CA85DB75-3959-6A2B-4EE9-0868C1D0E404}.Release|x64.ActiveCfg = Release|x64
		{CA85DB75-3959-6A2B-4EE9-0868C1D0E404}.Release|x64.Build.0 = Release|x64
		{8D17EF23-BF1B-E7F2-F6CB-C7CF9B064607}.Debug_TestGTEC|x64.ActiveCfg = Debug|x64
		{8D17EF23-BF1B-E7F2-F6CB-C7CF9B064607}.Debug_TestGTEC|x64.Build.0 = Debug|x64
		{8D17EF23-BF1B-E7F2-F6CB-C7CF9B064607}.Debug|x64.ActiveCfg = Debug|x64
		{8D17EF23-BF1B-E7F2-F6CB-C7CF9B064607}.Debug|x64.Build.0 = Debug|x64
		{8D17EF23-BF1B-E7F2-F6CB-C7CF9B064607}.Release|x64.ActiveCfg = Release|x64
		{8D17EF23-BF1B-E7F2-F6CB-C7CF9B064607}.Release|x64.Build.0 = Release|x64
		{E19B47F0-F135-8FEA-E0F3-62ECC71BD3C6}.Debug_TestGTEC|x64.ActiveCfg = Debug|x64
		{E19B47F0-F135-8FEA-E0F3-62ECC71BD3C6}.Debug_TestGTEC|x64.Build.0 = Debug|x64
		{E19B47F0-F135-8FEA-E0F3-62ECC71BD3C6}.Debug|x64.ActiveCfg = Debug|x64
		{E19B47F0-F135-8FEA-E0F3-62ECC71BD3C6}.Debug|x64.Build.0 = Debug|x64
		{E19B47F0-F135-8FEA-E0F3-62ECC71BD3C6}.Release|x64.ActiveCfg = Release|x64
		{E19B47F0-F135-8FEA-E0F3-62ECC71BD3C6}.Release|x64.Build.0 = Release|x64
		{747FF50F-52E4-970E-E63D-5884C83D0974}.Debug_TestGTEC|x64.ActiveCfg = Debug|x64
		{747FF50F-52E4-970E-E63D-5884C83D0974}.Debug_TestGTEC|x64.Build.0 = Debug|x64
		{747FF50F-52E4-970E-E63D-5884C83D0974}.Debug|x64.ActiveCfg = Debug|x64
		{747FF50F-52E4-970E-E63D-5884C83D0974}.Debug|x64.Build.0 = Debug|x64
		{747FF50F-52E4-970E-E63D-5884C83D0974}.Release|x64.ActiveCfg = Release|x64
		{747FF50F-52E4-970E-E63D-5884C83D0974}.Release|x64.Build.0 = Release|x64
		{61E9CDFA-71D2-9A43-52D4-74D32E80F5B0}.Debug_TestGTEC|x64.ActiveCfg = Debug|x64
		{61E9CDFA-71D2-9A43-52D4-74D32E80F5B0}.Debug_TestGTEC|x64.Build.0 = Debug|x64
		{61E9CDFA-71D2-9A43-52D4-74D32E80F5B0}.Debug|x64.ActiveCfg = Debug|x64
		{61E9CDFA-71D2-9A43-52D4-74D32E80F5B0}.Debug|x64.Build.0 = Debug|x64
		{61E9CDFA-71D2-9A43-52D4-74D32E80F5B0}.Release|x64.ActiveCfg = Release|x64
		{61E9CDFA-71D2-9A43-52D4-74D32E80F5B0}.Release|x64.Build.0 = Release|x64
		{7EA9A43B-1059-FB85-32C2-E8DDE831C50A}.Debug_TestGTEC|x64.ActiveCfg = Debug|x64
		{7EA9A43B-1059-FB85-32C2-E8DDE831C50A}.Debug_TestGTEC|x64.Build.0 = Debug|x64
		{7EA9A43B-1059-FB85-32C2-E8DDE831C50A}.Debug|x64.ActiveCfg = Debug|x64
		{7EA9A43B-1059-FB85-32C2-E8DDE831C50A}.Debug|x64.Build.0 = Debug|x64
		{7EA9A43B-1059-FB85-32C2-E8DDE831C50A}.Release|x64.ActiveCfg = Release|x64
		{7EA9A43B-1059-FB85-32C2-E8DDE831C50A}.Release|x64.Build.0 = Release|x64
		{5376217A-9D9E-F60C-27FC-9DDAA910E9B8}.Debug_TestGTEC|x64.ActiveCfg = Debug|x64
		{5376217A-9D9E-F60C-27FC-9DDAA910E9B8}.Debug_TestGTEC|x64.Build.0 = Debug|x64
		{5376217A-9D9E-F60C-27FC-9DDAA910E9B8}.Debug|x64.ActiveCfg = Debug|x64
		{5376217A-9D9E-F60C-27FC-9DDAA910E9B8}.Debug|x64.Build.0 = Debug|x64
		{5376217A-9D9E-F60C-27FC-9DDAA910E9B8}.Release|x64.ActiveCfg = Release|x64
		{5376217A-9D9E-F60C-27FC-9DDAA910E9B8}.Release|x64.Build.0 = Release|x64
		{F920AA58-3C74-2712-83D9-7F3061854D1A}.Debug_TestGTEC|x64.ActiveCfg = Debug|x64
		{F920AA58-3C74-2712-83D9-7F3061854D1A}.Debug_TestGTEC|x64.Build.0 = Debug|x64
		{F920AA58-3C74-2712-83D9-7F3061854D1A}.Debug|x64.ActiveCfg = Debug|x64
		{F920AA58-3C74-2712-83D9-7F3061854D1A}.Debug|x64.Build.0 = Debug|x64
		{F920AA58-3C74-2712-83D9-7F3061854D1A}.Release|x64.ActiveCfg = Release|x64
		{F920AA58-3C74-2712-83D9-7F3061854D1A}.Release|x64.Build.0 = Release|x64
		{47B31D83-EFA0-A7AA-D45D-6D2DF874A991}.Debug_TestGTEC|x64.ActiveCfg = Debug|x64
		{47B31D83-EFA0-A7AA-D45D-6D2DF874A991}.Debug_TestGTEC|x64.Build.0 = Debug|x64
		{47B31D83-EFA0-A7AA-D45D-6D2DF874A991}.Debug|x64.ActiveCfg = Debug|x64
		{47B31D83-EFA0-A7AA-D45D-6D2DF874A991}.Debug|x64.Build.0 = Debug|x64
		{47B31D83-EFA0-A7AA-D45D-6D2DF874A991}.Release|x64.ActiveCfg = Release|x64
		{47B31D83-EFA0-A7AA-D45D-6D2DF874A991}.Release|x64.Build.0 = Release|x64
		{AF5F9936-E3DB-0102-12ED-A9737E44473C}.Debug_TestGTEC|x64.ActiveCfg = Debug|x64
		{AF5F9936-E3DB-0102-12ED-A9737E44473C}.Debug_TestGTEC|x64.Build.0 = Debug|x64
		{AF5F9936-E3DB-0102-12ED-A9737E44473C}.Debug|x64.ActiveCfg = Debug|x64
		{AF5F9936-E3DB-0102-12ED-A9737E44473C}.Debug|x64.Build.0 = Debug|x64
		{AF5F9936-E3DB-0102-12ED-A9737E44473C}.Release|x64.ActiveCfg = Release|x64
		{AF5F9936-E3DB-0102-12ED-A9737E44473C}.Release|x64.Build.0 = Release|x64
		{70150ED9-07C4-412C-EE51-8F4E888BD7E9}.Debug_TestGTEC|x64.ActiveCfg = Debug_TestGTEC|x64
		{70150ED9-07C4-412C-EE51-8F4E888BD7E9}.Debug_TestGTEC|x64.Build.0 = Debug_TestGTEC|x64
		{70150ED9-07C4-412C-EE51-8F4E888BD7E9}.Debug|x64.ActiveCfg = Debug|x64
		{70150ED9-07C4-412C-EE51-8F4E888BD7E9}.Debug|x64.Build.0 = Debug|x64
		{70150ED9-07C4-412C-EE51-8F4E888BD7E9}.Release|x64.ActiveCfg = Release|x64
		{70150ED9-07C4-412C-EE51-8F4E888BD7E9}.Release|x64.Build.0 = Release|x64
		{E93AB2D4-C1AE-6674-EED2-809FEDA2FFDA}.Debug_TestGTEC|x64.ActiveCfg = Debug|x64
		{E93AB2D4-C1AE-6674-EED2-809FEDA2FFDA}.Debug_TestGTEC|x64.Build.0 = Debug|x64
		{E93AB2D4-C1AE-6674-EED2-809FEDA2FFDA}.Debug|x64.ActiveCfg = Debug|x64
		{E93AB2D4-C1AE-6674-EED2-809FEDA2FFDA}.Debug|x64.Build.0 = Debug|x64
		{E93AB2D4-C1AE-6674-EED2-809FEDA2FFDA}.Release|x64.ActiveCfg = Release|x64
		{E93AB2D4-C1AE-6674-EED2-809FEDA2FFDA}.Release|x64.Build.0 = Release|x64
		{7FA7945D-2033-061A-7BEC-85F7063F4E61}.Debug_TestGTEC|x64.ActiveCfg = Debug|x64
		{7FA7945D-2033-061A-7BEC-85F7063F4E61}.Debug_TestGTEC|x64.Build.0 = Debug|x64
		{7FA7945D-2033-061A-7BEC-85F7063F4E61}.Debug|x64.ActiveCfg = Debug|x64
		{7FA7945D-2033-061A-7BEC-85F7063F4E61}.Debug|x64.Build.0 = Debug|x64
		{7FA7945D-2033-061A-7BEC-85F7063F4E61}.Release|x64.ActiveCfg = Release|x64
		{7FA7945D-2033-061A-7BEC-85F7063F4E61}.Release|x64.Build.0 = Release|x64
		{011B7C2B-D04D-AD22-F8C4-A9B024C1818F}.Debug_TestGTEC|x64.ActiveCfg = Debug|x64
		{011B7C2B-D04D-AD22-F8C4-A9B024C1818F}.Debug_TestGTEC|x64.Build.0 = Debug|x64
		{011B7C2B-D04D-AD22-F8C4-A9B024C1818F}.Debug|x64.ActiveCfg = Debug|x64
		{011B7C2B-D04D-AD22-F8C4-A9B024C1818F}.Debug|x64.Build.0 = Debug|x64
		{011B7C2B-D04D-AD22-F8C4-A9B024C1818F}.Release|x64.ActiveCfg = Release|x64
		{011B7C2B-D04D-AD22-F8C4-A9B024C1818F}.Release|x64.Build.0 = Release|x64
		{AEA65A4F-7B15-4394-9728-EDAAA8C7B1D9}.Debug_TestGTEC|x64.ActiveCfg = Debug|x64
		{AEA65A4F-7B15-4394-9728-EDAAA8C7B1D9}.Debug_TestGTEC|x64.Build.0 = Debug|x64
		{AEA65A4F-7B15-4394-9728-EDAAA8C7B1D9}.Debug|x64.ActiveCfg = Debug|x64
		{AEA65A4F-7B15-4394-9728-EDAAA8C7B1D9}.Debug|x64.Build.0 = Debug|x64
		{AEA65A4F-7B15-4394-9728-EDAAA8C7B1D9}.Release|x64.ActiveCfg = Release|x64
		{AEA65A4F-7B15-4394-9728-EDAAA8C7B1D9}.Release|x64.Build.0 = Release|x64
		{4E96B05F-5C0F-8F21-B165-31A245EFA6D5}.Debug_TestGTEC|x64.ActiveCfg = Debug|x64
		{4E96B05F-5C0F-8F21-B165-31A245EFA6D5}.Debug_TestGTEC|x64.Build.0 = Debug|x64
		{4E96B05F-5C0F-8F21-B165-31A245EFA6D5}.Debug|x64.ActiveCfg = Debug|x64
		{4E96B05F-5C0F-8F21-B165-31A245EFA6D5}.Debug|x64.Build.0 = Debug|x64
		{4E96B05F-5C0F-8F21-B165-31A245EFA6D5}.Release|x64.ActiveCfg = Release|x64
		{4E96B05F-5C0F-8F21-B165-31A245EFA6D5}.Release|x64.Build.0 = Release|x64
		{BAEAE0C8-2EA8-DC94-BA01-EF7933259DE9}.Debug_TestGTEC|x64.ActiveCfg = Debug|x64
		{BAEAE0C8-2EA8-DC94-BA01-EF7933259DE9}.Debug_TestGTEC|x64.Build.0 = Debug|x64
		{BAEAE0C8-2EA8-DC94-BA01-EF7933259DE9}.Debug|x64.ActiveCfg = Debug|x64
		{BAEAE0C8-2EA8-DC94-BA01-EF7933259DE9}.Debug|x64.Build.0 = Debug|x64
		{BAEAE0C8-2EA8-DC94-BA01-EF7933259DE9}.Release|x64.ActiveCfg = Release|x64
		{BAEAE0C8-2EA8-DC94-BA01-EF7933259DE9}.Release|x64.Build.0 = Release|x64
		{A7F35610-4A21-CBD9-229C-8A82A0A975B6}.Debug_TestGTEC|x64.ActiveCfg = Debug|x64
		{A7F35610-4A21-CBD9-229C-8A82A0A975B6}.Debug_TestGTEC|x64.Build.0 = Debug|x64
		{A7F35610-4A21-CBD9-229C-8A82A0A975B6}.Debug|x64.ActiveCfg = Debug|x64
		{A7F35610-4A21-CBD9-229C-8A82A0A975B6}.Debug|x64.Build.0 = Debug|x64
		{A7F35610-4A21-CBD9-229C-8A82A0A975B6}.Release|x64.ActiveCfg = Release|x64
		{A7F35610-4A21-CBD9-229C-8A82A0A975B6}.Release|x64.Build.0 = Release|x64
		{489EAED8-55EB-C35C-59B7-6B862E57F816}.Debug_TestGTEC|x64.ActiveCfg = Debug|x64
		{489EAED8-55EB-C35C-59B7-6B862E57F816}.Debug_TestGTEC|x64.Build.0 = Debug|x64
		{489EAED8-55EB-C35C-59B7-6B862E57F816}.Debug|x64.ActiveCfg = Debug|x64
		{489EAED8-55EB-C35C-59B7-6B862E57F816}.Debug|x64.Build.0 = Debug|x64
		{489EAED8-55EB-C35C-59B7-6B862E57F816}.Release|x64.ActiveCfg = Release|x64
		{489EAED8-55EB-C35C-59B7-6B862E57F816}.Release|x64.Build.0 = Release|x64
	EndGlobalSection
	GlobalSection(SolutionProperties) = preSolution
		HideSolutionNode = FALSE
	EndGlobalSection
	GlobalSection(NestedProjects) = preSolution
		{1C2D2F09-6F4F-4FC5-8F8B-6741D83B74EF} = {A1CD68C8-CE85-4A15-BF82-6154CB6E4A77}
		{7E0D614D-B425-44A5-BD39-277AC72EBA0B} = {A1CD68C8-CE85-4A15-BF82-6154CB6E4A77}
		{5A796EE9-3722-42B5-81D9-24193B8D59D3} = {A1CD68C8-CE85-4A15-BF82-6154CB6E4A77}
		{26FDAD1D-8E56-49C0-953A-2CCE29EB2670} = {A1CD68C8-CE85-4A15-BF82-6154CB6E4A77}
		{EB8BDFCC-4136-4348-8854-98D2505AC5B6} = {E9CDF974-CB3A-4A9D-B046-DA6907E0E2E3}
		{0B9A0463-9C5D-4203-82EA-2B611C710B1E} = {E9CDF974-CB3A-4A9D-B046-DA6907E0E2E3}
		{6EAFE6D4-6678-4098-AEA4-2EDDF7BCDB6C} = {E9CDF974-CB3A-4A9D-B046-DA6907E0E2E3}
		{BC304342-5932-47FD-8DB0-D19AF89769FC} = {E9CDF974-CB3A-4A9D-B046-DA6907E0E2E3}
		{DC8984C5-B6FB-46C8-943B-F2FBB61265FD} = {6EAFE6D4-6678-4098-AEA4-2EDDF7BCDB6C}
		{341D3FF4-4E2B-4C6D-ACC7-38AE74F58BDF} = {E9CDF974-CB3A-4A9D-B046-DA6907E0E2E3}
		{5DBEE13A-0518-4E71-BEC4-A7BA501C9F45} = {A1CD68C8-CE85-4A15-BF82-6154CB6E4A77}
		{C91C405B-E0B3-4308-9D3A-B3C8ABA4A36A} = {5DBEE13A-0518-4E71-BEC4-A7BA501C9F45}
		{A3F27E94-BF5C-4968-8370-9CE22D62552A} = {5DBEE13A-0518-4E71-BEC4-A7BA501C9F45}
		{02EA681E-C7D8-13C7-8484-4AC65E1B71E8} = {A1CD68C8-CE85-4A15-BF82-6154CB6E4A77}
		{826EEEA7-2C6F-8308-786D-11E705D4B02E} = {F31B0046-DF34-45FD-9897-3B3BDC45EBAD}
		{872B2B08-9A0F-0040-E7D3-D83762B1E071} = {F31B0046-DF34-45FD-9897-3B3BDC45EBAD}
		{66928635-273A-64DD-C46A-F4CD3C92E82D} = {A1CD68C8-CE85-4A15-BF82-6154CB6E4A77}
		{A255541E-6718-8D52-C52E-23AA65E7B1CD} = {A1CD68C8-CE85-4A15-BF82-6154CB6E4A77}
		{186179B3-5E2B-DB1A-6ACA-5A3625CB539F} = {26FDAD1D-8E56-49C0-953A-2CCE29EB2670}
		{E55C1C51-9F75-B815-D39D-BFE8DA57FBE2} = {5A796EE9-3722-42B5-81D9-24193B8D59D3}
		{6D976BC5-2A2B-932A-A983-D94E6A705B9B} = {5A796EE9-3722-42B5-81D9-24193B8D59D3}
		{4F59829F-772F-3650-3FC8-DC3544852E4D} = {1C2D2F09-6F4F-4FC5-8F8B-6741D83B74EF}
		{B73234CD-82DC-5F6C-5EF8-3EF6DF4CB418} = {7E0D614D-B425-44A5-BD39-277AC72EBA0B}
		{CA85DB75-3959-6A2B-4EE9-0868C1D0E404} = {7E0D614D-B425-44A5-BD39-277AC72EBA0B}
		{8D17EF23-BF1B-E7F2-F6CB-C7CF9B064607} = {02EA681E-C7D8-13C7-8484-4AC65E1B71E8}
		{E19B47F0-F135-8FEA-E0F3-62ECC71BD3C6} = {02EA681E-C7D8-13C7-8484-4AC65E1B71E8}
		{747FF50F-52E4-970E-E63D-5884C83D0974} = {5DBEE13A-0518-4E71-BEC4-A7BA501C9F45}
		{61E9CDFA-71D2-9A43-52D4-74D32E80F5B0} = {A3F27E94-BF5C-4968-8370-9CE22D62552A}
		{7EA9A43B-1059-FB85-32C2-E8DDE831C50A} = {A3F27E94-BF5C-4968-8370-9CE22D62552A}
		{5376217A-9D9E-F60C-27FC-9DDAA910E9B8} = {A3F27E94-BF5C-4968-8370-9CE22D62552A}
		{F920AA58-3C74-2712-83D9-7F3061854D1A} = {C91C405B-E0B3-4308-9D3A-B3C8ABA4A36A}
		{47B31D83-EFA0-A7AA-D45D-6D2DF874A991} = {C91C405B-E0B3-4308-9D3A-B3C8ABA4A36A}
		{AF5F9936-E3DB-0102-12ED-A9737E44473C} = {C91C405B-E0B3-4308-9D3A-B3C8ABA4A36A}
		{70150ED9-07C4-412C-EE51-8F4E888BD7E9} = {C91C405B-E0B3-4308-9D3A-B3C8ABA4A36A}
		{E93AB2D4-C1AE-6674-EED2-809FEDA2FFDA} = {C91C405B-E0B3-4308-9D3A-B3C8ABA4A36A}
		{7FA7945D-2033-061A-7BEC-85F7063F4E61} = {C91C405B-E0B3-4308-9D3A-B3C8ABA4A36A}
		{011B7C2B-D04D-AD22-F8C4-A9B024C1818F} = {C91C405B-E0B3-4308-9D3A-B3C8ABA4A36A}
		{AEA65A4F-7B15-4394-9728-EDAAA8C7B1D9} = {17F81CBF-F114-42F9-9103-8E92E1B7650D}
		{4E96B05F-5C0F-8F21-B165-31A245EFA6D5} = {17F81CBF-F114-42F9-9103-8E92E1B7650D}
		{BAEAE0C8-2EA8-DC94-BA01-EF7933259DE9} = {17F81CBF-F114-42F9-9103-8E92E1B7650D}
		{A7F35610-4A21-CBD9-229C-8A82A0A975B6} = {17F81CBF-F114-42F9-9103-8E92E1B7650D}
		{489EAED8-55EB-C35C-59B7-6B862E57F816} = {17F81CBF-F114-42F9-9103-8E92E1B7650D}
	EndGlobalSection
	GlobalSection(ExtensibilityGlobals) = postSolution
		SolutionGuid = {6C18E44C-06E3-46DB-9C9C-5B18BC658072}
		RESX_AutoCreateNewLanguageFiles = True
	EndGlobalSection
EndGlobal
